{
  "object": {
    "pins": [
      {
        "package": "combine-schedulers",
        "repositoryURL": "https://github.com/pointfreeco/combine-schedulers.git",
        "state": {
          "branch": null,
          "revision": "aa3e575929f2bcc5bad012bd2575eae716cbcdf7",
          "version": "0.8.0"
        }
      },
      {
        "package": "OHHTTPStubs",
        "repositoryURL": "https://github.com/AliSoftware/OHHTTPStubs.git",
        "state": {
          "branch": null,
          "revision": "12f19662426d0434d6c330c6974d53e2eb10ecd9",
          "version": "9.1.0"
        }
      },
      {
        "package": "xctest-dynamic-overlay",
        "repositoryURL": "https://github.com/pointfreeco/xctest-dynamic-overlay",
        "state": {
          "branch": null,
          "revision": "30314f1ece684dd60679d598a9b89107557b67d9",
          "version": "0.4.1"
        }
      }
    ]
  },
  "version": 1
}
